// !$*UTF8*$!
{
	archiveVersion = 1;
	classes = {
	};
	objectVersion = 48;
	objects = {

/* Begin PBXBuildFile section */
		0F20BEED1FA66241006F754E /* AppDelegate.swift in Sources */ = {isa = PBXBuildFile; fileRef = 0F20BEEC1FA66241006F754E /* AppDelegate.swift */; };
		0F20BEEF1FA66241006F754E /* ViewController.swift in Sources */ = {isa = PBXBuildFile; fileRef = 0F20BEEE1FA66241006F754E /* ViewController.swift */; };
		0F20BEF21FA66241006F754E /* Main.storyboard in Resources */ = {isa = PBXBuildFile; fileRef = 0F20BEF01FA66241006F754E /* Main.storyboard */; };
		0F20BEF41FA66241006F754E /* Assets.xcassets in Resources */ = {isa = PBXBuildFile; fileRef = 0F20BEF31FA66241006F754E /* Assets.xcassets */; };
		0F20BEF71FA66241006F754E /* LaunchScreen.storyboard in Resources */ = {isa = PBXBuildFile; fileRef = 0F20BEF51FA66241006F754E /* LaunchScreen.storyboard */; };
		0F20BEFF1FA662F4006F754E /* PhotoViewController.swift in Sources */ = {isa = PBXBuildFile; fileRef = 0F20BEFE1FA662F4006F754E /* PhotoViewController.swift */; };
		0F51D5271FB690D6009C4C51 /* cameraViewController.swift in Sources */ = {isa = PBXBuildFile; fileRef = 0F51D5261FB690D6009C4C51 /* cameraViewController.swift */; };
		0FF1B5FA1FB8EB2500FE99B9 /* photoDB.swift in Sources */ = {isa = PBXBuildFile; fileRef = 0FF1B5F91FB8EB2500FE99B9 /* photoDB.swift */; };
		0FF1B5FE1FBA255B00FE99B9 /* photoCell.swift in Sources */ = {isa = PBXBuildFile; fileRef = 0FF1B5FD1FBA255B00FE99B9 /* photoCell.swift */; };
		0FF1B6001FBA93A400FE99B9 /* calendarViewController.swift in Sources */ = {isa = PBXBuildFile; fileRef = 0FF1B5FF1FBA93A400FE99B9 /* calendarViewController.swift */; };
/* End PBXBuildFile section */

/* Begin PBXFileReference section */
		0F20BEE91FA66241006F754E /* Dairy One.app */ = {isa = PBXFileReference; explicitFileType = wrapper.application; includeInIndex = 0; path = "Dairy One.app"; sourceTree = BUILT_PRODUCTS_DIR; };
		0F20BEEC1FA66241006F754E /* AppDelegate.swift */ = {isa = PBXFileReference; lastKnownFileType = sourcecode.swift; path = AppDelegate.swift; sourceTree = "<group>"; };
		0F20BEEE1FA66241006F754E /* ViewController.swift */ = {isa = PBXFileReference; lastKnownFileType = sourcecode.swift; path = ViewController.swift; sourceTree = "<group>"; };
		0F20BEF11FA66241006F754E /* Base */ = {isa = PBXFileReference; lastKnownFileType = file.storyboard; name = Base; path = Base.lproj/Main.storyboard; sourceTree = "<group>"; };
		0F20BEF31FA66241006F754E /* Assets.xcassets */ = {isa = PBXFileReference; lastKnownFileType = folder.assetcatalog; path = Assets.xcassets; sourceTree = "<group>"; };
		0F20BEF61FA66241006F754E /* Base */ = {isa = PBXFileReference; lastKnownFileType = file.storyboard; name = Base; path = Base.lproj/LaunchScreen.storyboard; sourceTree = "<group>"; };
		0F20BEF81FA66241006F754E /* Info.plist */ = {isa = PBXFileReference; lastKnownFileType = text.plist.xml; path = Info.plist; sourceTree = "<group>"; };
		0F20BEFE1FA662F4006F754E /* PhotoViewController.swift */ = {isa = PBXFileReference; lastKnownFileType = sourcecode.swift; path = PhotoViewController.swift; sourceTree = "<group>"; };
		0F51D5261FB690D6009C4C51 /* cameraViewController.swift */ = {isa = PBXFileReference; lastKnownFileType = sourcecode.swift; path = cameraViewController.swift; sourceTree = "<group>"; };
		0FF1B5F91FB8EB2500FE99B9 /* photoDB.swift */ = {isa = PBXFileReference; lastKnownFileType = sourcecode.swift; path = photoDB.swift; sourceTree = "<group>"; };
		0FF1B5FD1FBA255B00FE99B9 /* photoCell.swift */ = {isa = PBXFileReference; lastKnownFileType = sourcecode.swift; path = photoCell.swift; sourceTree = "<group>"; };
		0FF1B5FF1FBA93A400FE99B9 /* calendarViewController.swift */ = {isa = PBXFileReference; lastKnownFileType = sourcecode.swift; path = calendarViewController.swift; sourceTree = "<group>"; };
/* End PBXFileReference section */

/* Begin PBXFrameworksBuildPhase section */
		0F20BEE61FA66241006F754E /* Frameworks */ = {
			isa = PBXFrameworksBuildPhase;
			buildActionMask = 2147483647;
			files = (
			);
			runOnlyForDeploymentPostprocessing = 0;
		};
/* End PBXFrameworksBuildPhase section */

/* Begin PBXGroup section */
		0F20BEE01FA66241006F754E = {
			isa = PBXGroup;
			children = (
				0F20BEEB1FA66241006F754E /* Dairy One */,
				0F20BEEA1FA66241006F754E /* Products */,
			);
			sourceTree = "<group>";
		};
		0F20BEEA1FA66241006F754E /* Products */ = {
			isa = PBXGroup;
			children = (
				0F20BEE91FA66241006F754E /* Dairy One.app */,
			);
			name = Products;
			sourceTree = "<group>";
		};
		0F20BEEB1FA66241006F754E /* Dairy One */ = {
			isa = PBXGroup;
			children = (
				0F20BEEC1FA66241006F754E /* AppDelegate.swift */,
				0F20BEEE1FA66241006F754E /* ViewController.swift */,
				0F20BEF01FA66241006F754E /* Main.storyboard */,
				0F20BEF31FA66241006F754E /* Assets.xcassets */,
				0F20BEF51FA66241006F754E /* LaunchScreen.storyboard */,
				0F20BEF81FA66241006F754E /* Info.plist */,
				0F20BEFE1FA662F4006F754E /* PhotoViewController.swift */,
				0F51D5261FB690D6009C4C51 /* cameraViewController.swift */,
				0FF1B5F91FB8EB2500FE99B9 /* photoDB.swift */,
				0FF1B5FD1FBA255B00FE99B9 /* photoCell.swift */,
				0FF1B5FF1FBA93A400FE99B9 /* calendarViewController.swift */,
			);
			path = "Dairy One";
			sourceTree = "<group>";
		};
/* End PBXGroup section */

/* Begin PBXNativeTarget section */
		0F20BEE81FA66241006F754E /* Dairy One */ = {
			isa = PBXNativeTarget;
			buildConfigurationList = 0F20BEFB1FA66241006F754E /* Build configuration list for PBXNativeTarget "Dairy One" */;
			buildPhases = (
				0F20BEE51FA66241006F754E /* Sources */,
				0F20BEE61FA66241006F754E /* Frameworks */,
				0F20BEE71FA66241006F754E /* Resources */,
			);
			buildRules = (
			);
			dependencies = (
			);
			name = "Dairy One";
			productName = "Dairy One";
			productReference = 0F20BEE91FA66241006F754E /* Dairy One.app */;
			productType = "com.apple.product-type.application";
		};
/* End PBXNativeTarget section */

/* Begin PBXProject section */
		0F20BEE11FA66241006F754E /* Project object */ = {
			isa = PBXProject;
			attributes = {
				LastSwiftUpdateCheck = 0900;
				LastUpgradeCheck = 0900;
				ORGANIZATIONNAME = haoyuan;
				TargetAttributes = {
					0F20BEE81FA66241006F754E = {
						CreatedOnToolsVersion = 9.0;
						ProvisioningStyle = Automatic;
					};
				};
			};
			buildConfigurationList = 0F20BEE41FA66241006F754E /* Build configuration list for PBXProject "Dairy One" */;
			compatibilityVersion = "Xcode 8.0";
			developmentRegion = en;
			hasScannedForEncodings = 0;
			knownRegions = (
				en,
				Base,
			);
			mainGroup = 0F20BEE01FA66241006F754E;
			productRefGroup = 0F20BEEA1FA66241006F754E /* Products */;
			projectDirPath = "";
			projectRoot = "";
			targets = (
				0F20BEE81FA66241006F754E /* Dairy One */,
			);
		};
/* End PBXProject section */

/* Begin PBXResourcesBuildPhase section */
		0F20BEE71FA66241006F754E /* Resources */ = {
			isa = PBXResourcesBuildPhase;
			buildActionMask = 2147483647;
			files = (
				0F20BEF71FA66241006F754E /* LaunchScreen.storyboard in Resources */,
				0F20BEF41FA66241006F754E /* Assets.xcassets in Resources */,
				0F20BEF21FA66241006F754E /* Main.storyboard in Resources */,
			);
			runOnlyForDeploymentPostprocessing = 0;
		};
/* End PBXResourcesBuildPhase section */

/* Begin PBXSourcesBuildPhase section */
		0F20BEE51FA66241006F754E /* Sources */ = {
			isa = PBXSourcesBuildPhase;
			buildActionMask = 2147483647;
			files = (
				0F20BEEF1FA66241006F754E /* ViewController.swift in Sources */,
				0F51D5271FB690D6009C4C51 /* cameraViewController.swift in Sources */,
				0FF1B5FE1FBA255B00FE99B9 /* photoCell.swift in Sources */,
				0F20BEED1FA66241006F754E /* AppDelegate.swift in Sources */,
				0FF1B6001FBA93A400FE99B9 /* calendarViewController.swift in Sources */,
				0F20BEFF1FA662F4006F754E /* PhotoViewController.swift in Sources */,
				0FF1B5FA1FB8EB2500FE99B9 /* photoDB.swift in Sources */,
			);
			runOnlyForDeploymentPostprocessing = 0;
		};
/* End PBXSourcesBuildPhase section */

/* Begin PBXVariantGroup section */
		0F20BEF01FA66241006F754E /* Main.storyboard */ = {
			isa = PBXVariantGroup;
			children = (
				0F20BEF11FA66241006F754E /* Base */,
			);
			name = Main.storyboard;
			sourceTree = "<group>";
		};
		0F20BEF51FA66241006F754E /* LaunchScreen.storyboard */ = {
			isa = PBXVariantGroup;
			children = (
				0F20BEF61FA66241006F754E /* Base */,
			);
			name = LaunchScreen.storyboard;
			sourceTree = "<group>";
		};
/* End PBXVariantGroup section */

/* Begin XCBuildConfiguration section */
		0F20BEF91FA66241006F754E /* Debug */ = {
			isa = XCBuildConfiguration;
			buildSettings = {
				ALWAYS_SEARCH_USER_PATHS = NO;
				CLANG_ANALYZER_NONNULL = YES;
				CLANG_ANALYZER_NUMBER_OBJECT_CONVERSION = YES_AGGRESSIVE;
				CLANG_CXX_LANGUAGE_STANDARD = "gnu++14";
				CLANG_CXX_LIBRARY = "libc++";
				CLANG_ENABLE_MODULES = YES;
				CLANG_ENABLE_OBJC_ARC = YES;
				CLANG_WARN_BLOCK_CAPTURE_AUTORELEASING = YES;
				CLANG_WARN_BOOL_CONVERSION = YES;
				CLANG_WARN_COMMA = YES;
				CLANG_WARN_CONSTANT_CONVERSION = YES;
				CLANG_WARN_DIRECT_OBJC_ISA_USAGE = YES_ERROR;
				CLANG_WARN_DOCUMENTATION_COMMENTS = YES;
				CLANG_WARN_EMPTY_BODY = YES;
				CLANG_WARN_ENUM_CONVERSION = YES;
				CLANG_WARN_INFINITE_RECURSION = YES;
				CLANG_WARN_INT_CONVERSION = YES;
				CLANG_WARN_NON_LITERAL_NULL_CONVERSION = YES;
				CLANG_WARN_OBJC_LITERAL_CONVERSION = YES;
				CLANG_WARN_OBJC_ROOT_CLASS = YES_ERROR;
				CLANG_WARN_RANGE_LOOP_ANALYSIS = YES;
				CLANG_WARN_STRICT_PROTOTYPES = YES;
				CLANG_WARN_SUSPICIOUS_MOVE = YES;
				CLANG_WARN_UNGUARDED_AVAILABILITY = YES_AGGRESSIVE;
				CLANG_WARN_UNREACHABLE_CODE = YES;
				CLANG_WARN__DUPLICATE_METHOD_MATCH = YES;
				CODE_SIGN_IDENTITY = "iPhone Developer";
				COPY_PHASE_STRIP = NO;
				DEBUG_INFORMATION_FORMAT = dwarf;
				ENABLE_STRICT_OBJC_MSGSEND = YES;
				ENABLE_TESTABILITY = YES;
				GCC_C_LANGUAGE_STANDARD = gnu11;
				GCC_DYNAMIC_NO_PIC = NO;
				GCC_NO_COMMON_BLOCKS = YES;
				GCC_OPTIMIZATION_LEVEL = 0;
				GCC_PREPROCESSOR_DEFINITIONS = (
					"DEBUG=1",
					"$(inherited)",
				);
				GCC_WARN_64_TO_32_BIT_CONVERSION = YES;
				GCC_WARN_ABOUT_RETURN_TYPE = YES_ERROR;
				GCC_WARN_UNDECLARED_SELECTOR = YES;
				GCC_WARN_UNINITIALIZED_AUTOS = YES_AGGRESSIVE;
				GCC_WARN_UNUSED_FUNCTION = YES;
				GCC_WARN_UNUSED_VARIABLE = YES;
				IPHONEOS_DEPLOYMENT_TARGET = 11.0;
				MTL_ENABLE_DEBUG_INFO = YES;
				ONLY_ACTIVE_ARCH = YES;
				SDKROOT = iphoneos;
				SWIFT_ACTIVE_COMPILATION_CONDITIONS = DEBUG;
				SWIFT_OPTIMIZATION_LEVEL = "-Onone";
			};
			name = Debug;
		};
		0F20BEFA1FA66241006F754E /* Release */ = {
			isa = XCBuildConfiguration;
			buildSettings = {
				ALWAYS_SEARCH_USER_PATHS = NO;
				CLANG_ANALYZER_NONNULL = YES;
				CLANG_ANALYZER_NUMBER_OBJECT_CONVERSION = YES_AGGRESSIVE;
				CLANG_CXX_LANGUAGE_STANDARD = "gnu++14";
				CLANG_CXX_LIBRARY = "libc++";
				CLANG_ENABLE_MODULES = YES;
				CLANG_ENABLE_OBJC_ARC = YES;
				CLANG_WARN_BLOCK_CAPTURE_AUTORELEASING = YES;
				CLANG_WARN_BOOL_CONVERSION = YES;
				CLANG_WARN_COMMA = YES;
				CLANG_WARN_CONSTANT_CONVERSION = YES;
				CLANG_WARN_DIRECT_OBJC_ISA_USAGE = YES_ERROR;
				CLANG_WARN_DOCUMENTATION_COMMENTS = YES;
				CLANG_WARN_EMPTY_BODY = YES;
				CLANG_WARN_ENUM_CONVERSION = YES;
				CLANG_WARN_INFINITE_RECURSION = YES;
				CLANG_WARN_INT_CONVERSION = YES;
				CLANG_WARN_NON_LITERAL_NULL_CONVERSION = YES;
				CLANG_WARN_OBJC_LITERAL_CONVERSION = YES;
				CLANG_WARN_OBJC_ROOT_CLASS = YES_ERROR;
				CLANG_WARN_RANGE_LOOP_ANALYSIS = YES;
				CLANG_WARN_STRICT_PROTOTYPES = YES;
				CLANG_WARN_SUSPICIOUS_MOVE = YES;
				CLANG_WARN_UNGUARDED_AVAILABILITY = YES_AGGRESSIVE;
				CLANG_WARN_UNREACHABLE_CODE = YES;
				CLANG_WARN__DUPLICATE_METHOD_MATCH = YES;
				CODE_SIGN_IDENTITY = "iPhone Developer";
				COPY_PHASE_STRIP = NO;
				DEBUG_INFORMATION_FORMAT = "dwarf-with-dsym";
				ENABLE_NS_ASSERTIONS = NO;
				ENABLE_STRICT_OBJC_MSGSEND = YES;
				GCC_C_LANGUAGE_STANDARD = gnu11;
				GCC_NO_COMMON_BLOCKS = YES;
				GCC_WARN_64_TO_32_BIT_CONVERSION = YES;
				GCC_WARN_ABOUT_RETURN_TYPE = YES_ERROR;
				GCC_WARN_UNDECLARED_SELECTOR = YES;
				GCC_WARN_UNINITIALIZED_AUTOS = YES_AGGRESSIVE;
				GCC_WARN_UNUSED_FUNCTION = YES;
				GCC_WARN_UNUSED_VARIABLE = YES;
				IPHONEOS_DEPLOYMENT_TARGET = 11.0;
				MTL_ENABLE_DEBUG_INFO = NO;
				SDKROOT = iphoneos;
				SWIFT_OPTIMIZATION_LEVEL = "-Owholemodule";
				VALIDATE_PRODUCT = YES;
			};
			name = Release;
		};
		0F20BEFC1FA66241006F754E /* Debug */ = {
			isa = XCBuildConfiguration;
			buildSettings = {
				ASSETCATALOG_COMPILER_APPICON_NAME = AppIcon;
				CODE_SIGN_STYLE = Automatic;
				DEVELOPMENT_TEAM = SW5BW533U9;
				INFOPLIST_FILE = "Dairy One/Info.plist";
				LD_RUNPATH_SEARCH_PATHS = "$(inherited) @executable_path/Frameworks";
				PRODUCT_BUNDLE_IDENTIFIER = "haoyuan.Dairy-One";
				PRODUCT_NAME = "$(TARGET_NAME)";
				SWIFT_VERSION = 4.0;
				TARGETED_DEVICE_FAMILY = "1,2";
			};
			name = Debug;
		};
		0F20BEFD1FA66241006F754E /* Release */ = {
			isa = XCBuildConfiguration;
			buildSettings = {
				ASSETCATALOG_COMPILER_APPICON_NAME = AppIcon;
				CODE_SIGN_STYLE = Automatic;
				DEVELOPMENT_TEAM = SW5BW533U9;
				INFOPLIST_FILE = "Dairy One/Info.plist";
				LD_RUNPATH_SEARCH_PATHS = "$(inherited) @executable_path/Frameworks";
				PRODUCT_BUNDLE_IDENTIFIER = "haoyuan.Dairy-One";
				PRODUCT_NAME = "$(TARGET_NAME)";
				SWIFT_VERSION = 4.0;
				TARGETED_DEVICE_FAMILY = "1,2";
			};
			name = Release;
		};
/* End XCBuildConfiguration section */

/* Begin XCConfigurationList section */
		0F20BEE41FA66241006F754E /* Build configuration list for PBXProject "Dairy One" */ = {
			isa = XCConfigurationList;
			buildConfigurations = (
				0F20BEF91FA66241006F754E /* Debug */,
				0F20BEFA1FA66241006F754E /* Release */,
			);
			defaultConfigurationIsVisible = 0;
			defaultConfigurationName = Release;
		};
		0F20BEFB1FA66241006F754E /* Build configuration list for PBXNativeTarget "Dairy One" */ = {
			isa = XCConfigurationList;
			buildConfigurations = (
				0F20BEFC1FA66241006F754E /* Debug */,
				0F20BEFD1FA66241006F754E /* Release */,
			);
			defaultConfigurationIsVisible = 0;
			defaultConfigurationName = Release;
		};
/* End XCConfigurationList section */
	};
	rootObject = 0F20BEE11FA66241006F754E /* Project object */;
}
